lockfileVersion: '9.0'

settings:
  autoInstallPeers: true
  excludeLinksFromLockfile: false

importers:

  .:
    devDependencies:
      prettier:
        specifier: ^3.9.6
        version: 3.9.6
      prettier-plugin-sh:
        specifier: ^0.19.0
        version: 0.19.0(prettier@3.9.6)
      prettier-plugin-sql:
        specifier: ^0.20.0
        version: 0.20.0(prettier@3.9.6)

packages:

  '@reteps/dockerfmt-darwin-arm64@0.5.4':
    resolution: {integrity: sha512-urMqV+dQyvVI8/WrXwClX9e1PEyS35wFdwJjpZYmL09AkV4Io5U1oam8UBKK7jZk0+YsdF88ay6e86Kn6DIyQg==}
    cpu: [arm64]
    os: [darwin]

  '@reteps/dockerfmt-darwin-x64@0.5.4':
    resolution: {integrity: sha512-fJORy6DFxbgDiMqxpLTPZlb5KUY0Vq0iR4NGnyKnuYZ9LdZUS508DK2kt/AJ87/jIKNV1qRG0JXG1Tc6xdvWjw==}
    cpu: [x64]
    os: [darwin]

  '@reteps/dockerfmt-linux-arm64@0.5.4':
    resolution: {integrity: sha512-6pVakO06eXtDuvxy1Dnjs/gQyUoGGycle8PRSt5IFRwLi/AVaOQwfkfmW0WP8VH9wNUeti6BfJ3ksTn2G+XMxg==}
    cpu: [arm64]
    os: [linux]

  '@reteps/dockerfmt-linux-x64@0.5.4':
    resolution: {integrity: sha512-OD6SIlUV1D4TgJoTui3FMBAZsGbTSPYsiT0BKhD6jMUcJb3GpFTa7dY9rL8rP9FUqfL7OTHVUGUOL4Rh64Olog==}
    cpu: [x64]
    os: [linux]

  '@reteps/dockerfmt@0.5.4':
    resolution: {integrity: sha512-HEGgXVVOb+JtGUSSzXl/XPKFIZjMDTUoHarCjaQdkY+cb5M9K/O3b5xm+x0IPIk3SfHurbc0bSgcFsQlzjitxA==}
    engines: {node: ^v12.20.0 || ^14.13.0 || >=16.0.0}
    hasBin: true

  '@types/pegjs@0.10.6':
    resolution: {integrity: sha512-eLYXDbZWXh2uxf+w8sXS8d6KSoXTswfps6fvCUuVAGN8eRpfe7h9eSRydxiSJvo9Bf+GzifsDOr9TMQlmJdmkw==}

  argparse@2.0.1:
    resolution: {integrity: sha512-8+9WqebbFzpX9OR+Wa6O29asIogeRMzcGtAINdpMHHyAg10f05aSFVBbcEqGf/PXw1EjAZ+q2/bEBg3DvurK3Q==}

  big-integer@1.6.52:
    resolution: {integrity: sha512-QxD8cf2eVqJOOz63z6JIN9BzvVs/dlySa5HGSBH5xtR8dPteIRQnBxxKqkNTiT6jbDTF6jAfrd4oMcND9RGbQg==}
    engines: {node: '>=0.6'}

  commander@2.20.3:
    resolution: {integrity: sha512-GpVkmM8vF2vQUkj2LvZmD35JxeJOLCwJ9cUkugyk2nuhbv3+mJvpLYYt+0+USMxE+oj+ey/lJEnhZw75x/OMcQ==}

  discontinuous-range@1.0.0:
    resolution: {integrity: sha512-c68LpLbO+7kP/b1Hr1qs8/BJ09F5khZGTxqxZuhzxpmwJKOgRFHJWIb9/KmqnqHhLdO55aOxFH/EGBvUQbL/RQ==}

  jsox@1.2.125:
    resolution: {integrity: sha512-HIf1uwublnXZsy7p3yHTrhzMzrLO6xKnqXytT9pEil5QxaXi8eyer7Is4luF5hYSV4kD3v03Y32FWoAeVYTghQ==}
    hasBin: true

  moo@0.5.3:
    resolution: {integrity: sha512-m2fmM2dDm7GZQsY7KK2cme8agi+AAljILjQnof7p1ZMDe6dQ4bdnSMx0cPppudoeNv5hEFQirN6u+O4fDE0IWA==}

  nearley@2.20.1:
    resolution: {integrity: sha512-+Mc8UaAebFzgV+KpI5n7DasuuQCHA89dmwm7JXw3TV43ukfNQ9DnBH3Mdb2g/I4Fdxc26pwimBWvjIw0UAILSQ==}
    hasBin: true

  node-sql-parser@5.4.0:
    resolution: {integrity: sha512-jVe6Z61gPcPjCElPZ6j8llB3wnqGcuQzefim1ERsqIakxnEy5JlzV7XKdO1KmacRG5TKwPc4vJTgSRQ0LfkbFw==}
    engines: {node: '>=8'}

  prettier-plugin-sh@0.19.0:
    resolution: {integrity: sha512-39VXFZH/cOGtcuu8aeSvqp/hhwomOR4QroZUj+jBz2cNb3os9s0sqFZSNlYts6jdtLLDU7D2YT3Z1+abtb7adQ==}
    engines: {node: '>=16.0.0'}
    peerDependencies:
      prettier: ^3.6.0

  prettier-plugin-sql@0.20.0:
    resolution: {integrity: sha512-7GRuduJIbWd10bFfYdFuymZdcVF37ZCukiuVi2a4c5ccqjAxHQtKbK7zSKyqGrFjCOBLQVVz4BStKWV7YvxAFA==}
    engines: {node: ^14.18.0 || >=16.0.0}
    peerDependencies:
      prettier: ^3.0.3

  prettier@3.9.6:
    resolution: {integrity: sha512-OpN0zzVdiaiAhxpuuj5efpIS4sY9j7bY6uR5mnj5yPzGkdkjNKSJeUThPb60Jw29QuAZgA4o+/iB49kFiaBX6g==}
    engines: {node: '>=14'}
    hasBin: true

  railroad-diagrams@1.0.0:
    resolution: {integrity: sha512-cz93DjNeLY0idrCNOH6PviZGRN9GJhsdm9hpn1YCS879fj4W+x5IFJhhkRZcwVgMmFF7R82UA/7Oh+R8lLZg6A==}

  randexp@0.4.6:
    resolution: {integrity: sha512-80WNmd9DA0tmZrw9qQa62GPPWfuXJknrmVmLcxvq4uZBdYqb1wYoKTmnlGUchvVWe0XiLupYkBoXVOxz3C8DYQ==}
    engines: {node: '>=0.12'}

  ret@0.1.15:
    resolution: {integrity: sha512-TTlYpa+OL+vMMNG24xSlQGEJ3B/RzEfUlLct7b5G/ytav+wPrplCpVMFuwzXbkecJrb6IYo1iFb0S9v37754mg==}
    engines: {node: '>=0.12'}

  sh-syntax@0.6.0:
    resolution: {integrity: sha512-52VK6z/cdZHv7UURjIcwfBUQZrAhIEEe0bY4lrkfypjnFIKsDZdD3Uaz/dBiw/sF8BeX0Mssv140s8EnrsJ9dQ==}
    engines: {node: '>=16.0.0'}

  sql-formatter@15.8.0:
    resolution: {integrity: sha512-HnjdRHlSsO4Ap2erB5YXAvWggrnk/S4TezUn8zmpq9J/hEKn9+6gGaqiKPyDtI10Xf4zJmHYPREGjMjZmmP1fg==}
    hasBin: true

  tslib@2.8.1:
    resolution: {integrity: sha512-oJFu94HQb+KVduSUQL7wnpmqnfmLsOA/nAh6b6EH0wCEoK0/mPeXU6c3wKDV83MkOuHPRHtSXKKU99IBazS/2w==}

snapshots:

  '@reteps/dockerfmt-darwin-arm64@0.5.4':
    optional: true

  '@reteps/dockerfmt-darwin-x64@0.5.4':
    optional: true

  '@reteps/dockerfmt-linux-arm64@0.5.4':
    optional: true

  '@reteps/dockerfmt-linux-x64@0.5.4':
    optional: true

  '@reteps/dockerfmt@0.5.4':
    optionalDependencies:
      '@reteps/dockerfmt-darwin-arm64': 0.5.4
      '@reteps/dockerfmt-darwin-x64': 0.5.4
      '@reteps/dockerfmt-linux-arm64': 0.5.4
      '@reteps/dockerfmt-linux-x64': 0.5.4

  '@types/pegjs@0.10.6': {}

  argparse@2.0.1: {}

  big-integer@1.6.52: {}

  commander@2.20.3: {}

  discontinuous-range@1.0.0: {}

  jsox@1.2.125: {}

  moo@0.5.3: {}

  nearley@2.20.1:
    dependencies:
      commander: 2.20.3
      moo: 0.5.3
      railroad-diagrams: 1.0.0
      randexp: 0.4.6

  node-sql-parser@5.4.0:
    dependencies:
      '@types/pegjs': 0.10.6
      big-integer: 1.6.52

  prettier-plugin-sh@0.19.0(prettier@3.9.6):
    dependencies:
      '@reteps/dockerfmt': 0.5.4
      prettier: 3.9.6
      sh-syntax: 0.6.0

  prettier-plugin-sql@0.20.0(prettier@3.9.6):
    dependencies:
      jsox: 1.2.125
      node-sql-parser: 5.4.0
      prettier: 3.9.6
      sql-formatter: 15.8.0
      tslib: 2.8.1

  prettier@3.9.6: {}

  railroad-diagrams@1.0.0: {}

  randexp@0.4.6:
    dependencies:
      discontinuous-range: 1.0.0
      ret: 0.1.15

  ret@0.1.15: {}

  sh-syntax@0.6.0: {}

  sql-formatter@15.8.0:
    dependencies:
      argparse: 2.0.1
      nearley: 2.20.1

  tslib@2.8.1: {}
